Microsoft Visual Studio Solution File, Format Version 11.00
# Visual Studio 2008

Project("{8CDF4FC3-F605-8E25-40E7-5D9F226FA4FE}") = "ai car simulation", "Assembly-CSharp-firstpass.csproj", "{99E29460-C90C-7DEB-FAB8-A6071D5ECF58}"
EndProject
Project("{8CDF4FC3-F605-8E25-40E7-5D9F226FA4FE}") = "ai car simulation", "Assembly-UnityScript-firstpass.unityproj", "{C1228E23-50AD-E230-0C90-0508936E29A7}"
EndProject
Project("{8CDF4FC3-F605-8E25-40E7-5D9F226FA4FE}") = "ai car simulation", "Assembly-UnityScript.unityproj", "{28E7027F-BEE8-BE15-966A-F1799F1429FF}"
EndProject
Global
	GlobalSection(SolutionConfigurationPlatforms) = preSolution
		Debug|Any CPU = Debug|Any CPU
		Release|Any CPU = Release|Any CPU
	EndGlobalSection
	GlobalSection(ProjectConfigurationPlatforms) = postSolution
		{99E29460-C90C-7DEB-FAB8-A6071D5ECF58}.Debug|Any CPU.ActiveCfg = Debug|Any CPU
		{99E29460-C90C-7DEB-FAB8-A6071D5ECF58}.Debug|Any CPU.Build.0 = Debug|Any CPU
		{99E29460-C90C-7DEB-FAB8-A6071D5ECF58}.Release|Any CPU.ActiveCfg = Release|Any CPU
		{99E29460-C90C-7DEB-FAB8-A6071D5ECF58}.Release|Any CPU.Build.0 = Release|Any CPU
		{C1228E23-50AD-E230-0C90-0508936E29A7}.Debug|Any CPU.ActiveCfg = Debug|Any CPU
		{C1228E23-50AD-E230-0C90-0508936E29A7}.Debug|Any CPU.Build.0 = Debug|Any CPU
		{C1228E23-50AD-E230-0C90-0508936E29A7}.Release|Any CPU.ActiveCfg = Release|Any CPU
		{C1228E23-50AD-E230-0C90-0508936E29A7}.Release|Any CPU.Build.0 = Release|Any CPU
		{28E7027F-BEE8-BE15-966A-F1799F1429FF}.Debug|Any CPU.ActiveCfg = Debug|Any CPU
		{28E7027F-BEE8-BE15-966A-F1799F1429FF}.Debug|Any CPU.Build.0 = Debug|Any CPU
		{28E7027F-BEE8-BE15-966A-F1799F1429FF}.Release|Any CPU.ActiveCfg = Release|Any CPU
		{28E7027F-BEE8-BE15-966A-F1799F1429FF}.Release|Any CPU.Build.0 = Release|Any CPU
	EndGlobalSection
	GlobalSection(SolutionProperties) = preSolution
		HideSolutionNode = FALSE
	EndGlobalSection
																																																																																																									GlobalSection(MonoDevelopProperties) = preSolution
		StartupItem = Assembly-CSharp.csproj
		Policies = $0
		$0.TextStylePolicy = $1
		$1.inheritsSet = null
		$1.scope = text/x-csharp
		$0.CSharpFormattingPolicy = $2
		$2.inheritsSet = Mono
		$2.inheritsScope = text/x-csharp
		$2.scope = text/x-csharp
		$0.TextStylePolicy = $3
		$3.FileWidth = 120
		$3.TabWidth = 4
		$3.EolMarker = Unix
		$3.inheritsSet = Mono
		$3.inheritsScope = text/plain
		$3.scope = text/plain
	EndGlobalSection

EndGlobal
